<?xml version="1.0" encoding="utf-8"?>
<Project ToolsVersion="4.0" xmlns="http://schemas.microsoft.com/developer/msbuild/2003">
  <ItemGroup>
    <Filter Include="Source Files">
      <UniqueIdentifier>{4FC737F1-C7A5-4376-A066-2A32D752A2FF}</UniqueIdentifier>
      <Extensions>cpp;c;cc;cxx;def;odl;idl;hpj;bat;asm;asmx</Extensions>
    </Filter>
    <Filter Include="Header Files">
      <UniqueIdentifier>{93995380-89BD-4b04-88EB-625FBE52EBFB}</UniqueIdentifier>
      <Extensions>h;hh;hpp;hxx;hm;inl;inc;xsd</Extensions>
    </Filter>
    <Filter Include="Resource Files">
      <UniqueIdentifier>{67DA6AB6-F800-4c08-8B7A-83BB121AAD01}</UniqueIdentifier>
      <Extensions>rc;ico;cur;bmp;dlg;rc2;rct;bin;rgs;gif;jpg;jpeg;jpe;resx;tiff;tif;png;wav;mfcribbon-ms</Extensions>
    </Filter>
    <Filter Include="Header Files\FSM.h">
      <UniqueIdentifier>{205a1742-7c5d-42a9-8ef9-7ff46d6b97d3}</UniqueIdentifier>
    </Filter>
    <Filter Include="Source Files\FSM.cpp">
      <UniqueIdentifier>{c9a424dd-b60a-4ac1-9b83-7bdec5fc6464}</UniqueIdentifier>
    </Filter>
    <Filter Include="Header Files\GSM.h">
      <UniqueIdentifier>{c89bcf84-ebb2-4a43-b482-4968def93014}</UniqueIdentifier>
    </Filter>
    <Filter Include="Source Files\GSM.cpp">
      <UniqueIdentifier>{83e1c5f6-b087-4959-b311-e942bcf5a29b}</UniqueIdentifier>
    </Filter>
  </ItemGroup>
  <ItemGroup>
    <ClCompile Include="Application2D.cpp">
      <Filter>Source Files</Filter>
    </ClCompile>
    <ClCompile Include="main.cpp">
      <Filter>Source Files</Filter>
    </ClCompile>
    <ClCompile Include="ColourChange.cpp">
      <Filter>Source Files\FSM.cpp</Filter>
    </ClCompile>
    <ClCompile Include="Condition.cpp">
      <Filter>Source Files\FSM.cpp</Filter>
    </ClCompile>
    <ClCompile Include="FiniteStateMachine.cpp">
      <Filter>Source Files\FSM.cpp</Filter>
    </ClCompile>
    <ClCompile Include="GameObject.cpp">
      <Filter>Source Files\FSM.cpp</Filter>
    </ClCompile>
    <ClCompile Include="Idle.cpp">
      <Filter>Source Files\FSM.cpp</Filter>
    </ClCompile>
    <ClCompile Include="Patrol.cpp">
      <Filter>Source Files\FSM.cpp</Filter>
    </ClCompile>
    <ClCompile Include="Random.cpp">
      <Filter>Source Files\FSM.cpp</Filter>
    </ClCompile>
    <ClCompile Include="State.cpp">
      <Filter>Source Files\FSM.cpp</Filter>
    </ClCompile>
    <ClCompile Include="Transition.cpp">
      <Filter>Source Files\FSM.cpp</Filter>
    </ClCompile>
    <ClCompile Include="GameState.cpp">
      <Filter>Source Files\GSM.cpp</Filter>
    </ClCompile>
    <ClCompile Include="GameStateManager.cpp">
      <Filter>Source Files\GSM.cpp</Filter>
    </ClCompile>
    <ClCompile Include="SplashScreen.cpp">
      <Filter>Source Files\GSM.cpp</Filter>
    </ClCompile>
    <ClCompile Include="MainMenu.cpp">
      <Filter>Source Files\GSM.cpp</Filter>
    </ClCompile>
    <ClCompile Include="PlayState.cpp">
      <Filter>Source Files\GSM.cpp</Filter>
    </ClCompile>
    <ClCompile Include="QuitState.cpp">
      <Filter>Source Files\GSM.cpp</Filter>
    </ClCompile>
  </ItemGroup>
  <ItemGroup>
    <ClInclude Include="Application2D.h">
      <Filter>Header Files</Filter>
    </ClInclude>
    <ClInclude Include="ColourChange.h">
      <Filter>Header Files\FSM.h</Filter>
    </ClInclude>
    <ClInclude Include="Condition.h">
      <Filter>Header Files\FSM.h</Filter>
    </ClInclude>
    <ClInclude Include="FiniteStateMachine.h">
      <Filter>Header Files\FSM.h</Filter>
    </ClInclude>
    <ClInclude Include="GameObject.h">
      <Filter>Header Files\FSM.h</Filter>
    </ClInclude>
    <ClInclude Include="Idle.h">
      <Filter>Header Files\FSM.h</Filter>
    </ClInclude>
    <ClInclude Include="Patrol.h">
      <Filter>Header Files\FSM.h</Filter>
    </ClInclude>
    <ClInclude Include="Random.h">
      <Filter>Header Files\FSM.h</Filter>
    </ClInclude>
    <ClInclude Include="State.h">
      <Filter>Header Files\FSM.h</Filter>
    </ClInclude>
    <ClInclude Include="Transition.h">
      <Filter>Header Files\FSM.h</Filter>
    </ClInclude>
    <ClInclude Include="GameState.h">
      <Filter>Header Files\GSM.h</Filter>
    </ClInclude>
    <ClInclude Include="GameStateManager.h">
      <Filter>Header Files\GSM.h</Filter>
    </ClInclude>
    <ClInclude Include="SplashScreen.h">
      <Filter>Header Files\GSM.h</Filter>
    </ClInclude>
    <ClInclude Include="MainMenu.h">
      <Filter>Header Files\GSM.h</Filter>
    </ClInclude>
    <ClInclude Include="PlayState.h">
      <Filter>Header Files\GSM.h</Filter>
    </ClInclude>
    <ClInclude Include="QuitState.h">
      <Filter>Header Files\GSM.h</Filter>
    </ClInclude>
  </ItemGroup>
</Project>