<?xml version="1.0" encoding="utf-8"?>
<Project ToolsVersion="4.0" xmlns="http://schemas.microsoft.com/developer/msbuild/2003">
  <ItemGroup>
    <Filter Include="Source Files">
      <UniqueIdentifier>{4FC737F1-C7A5-4376-A066-2A32D752A2FF}</UniqueIdentifier>
      <Extensions>cpp;c;cc;cxx;def;odl;idl;hpj;bat;asm;asmx</Extensions>
    </Filter>
    <Filter Include="Header Files">
      <UniqueIdentifier>{93995380-89BD-4b04-88EB-625FBE52EBFB}</UniqueIdentifier>
      <Extensions>h;hh;hpp;hxx;hm;inl;inc;xsd</Extensions>
    </Filter>
    <Filter Include="Resource Files">
      <UniqueIdentifier>{67DA6AB6-F800-4c08-8B7A-83BB121AAD01}</UniqueIdentifier>
      <Extensions>rc;ico;cur;bmp;dlg;rc2;rct;bin;rgs;gif;jpg;jpeg;jpe;resx;tiff;tif;png;wav;mfcribbon-ms</Extensions>
    </Filter>
    <Filter Include="Header Files\GSM.h">
      <UniqueIdentifier>{bec9696d-3214-4d4e-9528-0bbeac34e0c9}</UniqueIdentifier>
    </Filter>
    <Filter Include="Source Files\GSM.cpp">
      <UniqueIdentifier>{0bb44976-3c27-46d0-8b89-7491723a6275}</UniqueIdentifier>
    </Filter>
    <Filter Include="Header Files\Resource Manager.h">
      <UniqueIdentifier>{0294c9f2-a1a0-43f7-8164-e58752eebc0f}</UniqueIdentifier>
    </Filter>
    <Filter Include="Source Files\Resource Manager.cpp">
      <UniqueIdentifier>{ae32f87a-c5ee-4385-8b73-51f16ef9ca31}</UniqueIdentifier>
    </Filter>
    <Filter Include="Source Files\HitBoxes.cpp">
      <UniqueIdentifier>{e1e8ebfd-349a-4071-b20d-251bfbf7c835}</UniqueIdentifier>
    </Filter>
    <Filter Include="Header Files\HitBoxes.h">
      <UniqueIdentifier>{51adb845-03ed-4835-ba09-35ec25a11563}</UniqueIdentifier>
    </Filter>
    <Filter Include="Header Files\Factory.h">
      <UniqueIdentifier>{3000b69f-db8d-478b-bfc1-17047a29c5b1}</UniqueIdentifier>
    </Filter>
    <Filter Include="Source Files\Factory.cpp">
      <UniqueIdentifier>{aef722ab-ea2f-4db7-afe1-326f53f43bd4}</UniqueIdentifier>
    </Filter>
  </ItemGroup>
  <ItemGroup>
    <ClCompile Include="Application2D.cpp">
      <Filter>Source Files</Filter>
    </ClCompile>
    <ClCompile Include="main.cpp">
      <Filter>Source Files</Filter>
    </ClCompile>
    <ClCompile Include="GameState.cpp">
      <Filter>Source Files\GSM.cpp</Filter>
    </ClCompile>
    <ClCompile Include="GameStateManager.cpp">
      <Filter>Source Files\GSM.cpp</Filter>
    </ClCompile>
    <ClCompile Include="ResourceManager.cpp">
      <Filter>Source Files\Resource Manager.cpp</Filter>
    </ClCompile>
    <ClCompile Include="AABB2.cpp">
      <Filter>Source Files\HitBoxes.cpp</Filter>
    </ClCompile>
    <ClCompile Include="Circle.cpp">
      <Filter>Source Files\HitBoxes.cpp</Filter>
    </ClCompile>
    <ClCompile Include="Bubble.cpp">
      <Filter>Source Files\Factory.cpp</Filter>
    </ClCompile>
    <ClCompile Include="Factory.cpp">
      <Filter>Source Files\Factory.cpp</Filter>
    </ClCompile>
    <ClCompile Include="SplashScreen.cpp">
      <Filter>Source Files\GSM.cpp</Filter>
    </ClCompile>
    <ClCompile Include="MainMenu.cpp">
      <Filter>Source Files\GSM.cpp</Filter>
    </ClCompile>
    <ClCompile Include="PlayState.cpp">
      <Filter>Source Files\GSM.cpp</Filter>
    </ClCompile>
    <ClCompile Include="PauseMenu.cpp">
      <Filter>Source Files\GSM.cpp</Filter>
    </ClCompile>
    <ClCompile Include="Quit.cpp">
      <Filter>Source Files\GSM.cpp</Filter>
    </ClCompile>
  </ItemGroup>
  <ItemGroup>
    <ClInclude Include="Application2D.h">
      <Filter>Header Files</Filter>
    </ClInclude>
    <ClInclude Include="GameStateManager.h">
      <Filter>Header Files\GSM.h</Filter>
    </ClInclude>
    <ClInclude Include="GameState.h">
      <Filter>Header Files\GSM.h</Filter>
    </ClInclude>
    <ClInclude Include="ResourceBase.h">
      <Filter>Header Files\Resource Manager.h</Filter>
    </ClInclude>
    <ClInclude Include="Resource.h">
      <Filter>Header Files\Resource Manager.h</Filter>
    </ClInclude>
    <ClInclude Include="ResourceManager.h">
      <Filter>Header Files\Resource Manager.h</Filter>
    </ClInclude>
    <ClInclude Include="AABB2.h">
      <Filter>Header Files\HitBoxes.h</Filter>
    </ClInclude>
    <ClInclude Include="Circle.h">
      <Filter>Header Files\HitBoxes.h</Filter>
    </ClInclude>
    <ClInclude Include="IPrototype.h">
      <Filter>Header Files\Factory.h</Filter>
    </ClInclude>
    <ClInclude Include="Factory.h">
      <Filter>Header Files\Factory.h</Filter>
    </ClInclude>
    <ClInclude Include="Bubble.h">
      <Filter>Header Files\Factory.h</Filter>
    </ClInclude>
    <ClInclude Include="MainMenu.h">
      <Filter>Header Files\GSM.h</Filter>
    </ClInclude>
    <ClInclude Include="SplashScreen.h">
      <Filter>Header Files\GSM.h</Filter>
    </ClInclude>
    <ClInclude Include="PlayState.h">
      <Filter>Header Files\GSM.h</Filter>
    </ClInclude>
    <ClInclude Include="PauseMenu.h">
      <Filter>Header Files\GSM.h</Filter>
    </ClInclude>
    <ClInclude Include="Quit.h">
      <Filter>Header Files\GSM.h</Filter>
    </ClInclude>
    <ClInclude Include="..\Catch-master\include\catch.hpp">
      <Filter>Header Files</Filter>
    </ClInclude>
  </ItemGroup>
</Project>